// !$*UTF8*$!
{
	archiveVersion = 1;
	classes = {
	};
	objectVersion = 50;
	objects = {

/* Begin PBXBuildFile section */
		6FFB9B212129802800D4E16C /* AppDelegate.swift in Sources */ = {isa = PBXBuildFile; fileRef = 6FFB9B202129802800D4E16C /* AppDelegate.swift */; };
		6FFB9B232129802800D4E16C /* ViewController.swift in Sources */ = {isa = PBXBuildFile; fileRef = 6FFB9B222129802800D4E16C /* ViewController.swift */; };
		6FFB9B262129802800D4E16C /* Main.storyboard in Resources */ = {isa = PBXBuildFile; fileRef = 6FFB9B242129802800D4E16C /* Main.storyboard */; };
		6FFB9B282129802C00D4E16C /* Assets.xcassets in Resources */ = {isa = PBXBuildFile; fileRef = 6FFB9B272129802C00D4E16C /* Assets.xcassets */; };
		6FFB9B2B2129802C00D4E16C /* LaunchScreen.storyboard in Resources */ = {isa = PBXBuildFile; fileRef = 6FFB9B292129802C00D4E16C /* LaunchScreen.storyboard */; };
		6FFB9B362129802C00D4E16C /* SuperLoanProjectTests.swift in Sources */ = {isa = PBXBuildFile; fileRef = 6FFB9B352129802C00D4E16C /* SuperLoanProjectTests.swift */; };
		6FFB9B412129802C00D4E16C /* SuperLoanProjectUITests.swift in Sources */ = {isa = PBXBuildFile; fileRef = 6FFB9B402129802C00D4E16C /* SuperLoanProjectUITests.swift */; };
/* End PBXBuildFile section */

/* Begin PBXContainerItemProxy section */
		6FFB9B322129802C00D4E16C /* PBXContainerItemProxy */ = {
			isa = PBXContainerItemProxy;
			containerPortal = 6FFB9B152129802700D4E16C /* Project object */;
			proxyType = 1;
			remoteGlobalIDString = 6FFB9B1C2129802800D4E16C;
			remoteInfo = SuperLoanProject;
		};
		6FFB9B3D2129802C00D4E16C /* PBXContainerItemProxy */ = {
			isa = PBXContainerItemProxy;
			containerPortal = 6FFB9B152129802700D4E16C /* Project object */;
			proxyType = 1;
			remoteGlobalIDString = 6FFB9B1C2129802800D4E16C;
			remoteInfo = SuperLoanProject;
		};
/* End PBXContainerItemProxy section */

/* Begin PBXFileReference section */
		6FFB9B1D2129802800D4E16C /* SuperLoanProject.app */ = {isa = PBXFileReference; explicitFileType = wrapper.application; includeInIndex = 0; path = SuperLoanProject.app; sourceTree = BUILT_PRODUCTS_DIR; };
		6FFB9B202129802800D4E16C /* AppDelegate.swift */ = {isa = PBXFileReference; lastKnownFileType = sourcecode.swift; path = AppDelegate.swift; sourceTree = "<group>"; };
		6FFB9B222129802800D4E16C /* ViewController.swift */ = {isa = PBXFileReference; lastKnownFileType = sourcecode.swift; path = ViewController.swift; sourceTree = "<group>"; };
		6FFB9B252129802800D4E16C /* Base */ = {isa = PBXFileReference; lastKnownFileType = file.storyboard; name = Base; path = Base.lproj/Main.storyboard; sourceTree = "<group>"; };
		6FFB9B272129802C00D4E16C /* Assets.xcassets */ = {isa = PBXFileReference; lastKnownFileType = folder.assetcatalog; path = Assets.xcassets; sourceTree = "<group>"; };
		6FFB9B2A2129802C00D4E16C /* Base */ = {isa = PBXFileReference; lastKnownFileType = file.storyboard; name = Base; path = Base.lproj/LaunchScreen.storyboard; sourceTree = "<group>"; };
		6FFB9B2C2129802C00D4E16C /* Info.plist */ = {isa = PBXFileReference; lastKnownFileType = text.plist.xml; path = Info.plist; sourceTree = "<group>"; };
		6FFB9B312129802C00D4E16C /* SuperLoanProjectTests.xctest */ = {isa = PBXFileReference; explicitFileType = wrapper.cfbundle; includeInIndex = 0; path = SuperLoanProjectTests.xctest; sourceTree = BUILT_PRODUCTS_DIR; };
		6FFB9B352129802C00D4E16C /* SuperLoanProjectTests.swift */ = {isa = PBXFileReference; lastKnownFileType = sourcecode.swift; path = SuperLoanProjectTests.swift; sourceTree = "<group>"; };
		6FFB9B372129802C00D4E16C /* Info.plist */ = {isa = PBXFileReference; lastKnownFileType = text.plist.xml; path = Info.plist; sourceTree = "<group>"; };
		6FFB9B3C2129802C00D4E16C /* SuperLoanProjectUITests.xctest */ = {isa = PBXFileReference; explicitFileType = wrapper.cfbundle; includeInIndex = 0; path = SuperLoanProjectUITests.xctest; sourceTree = BUILT_PRODUCTS_DIR; };
		6FFB9B402129802C00D4E16C /* SuperLoanProjectUITests.swift */ = {isa = PBXFileReference; lastKnownFileType = sourcecode.swift; path = SuperLoanProjectUITests.swift; sourceTree = "<group>"; };
		6FFB9B422129802C00D4E16C /* Info.plist */ = {isa = PBXFileReference; lastKnownFileType = text.plist.xml; path = Info.plist; sourceTree = "<group>"; };
/* End PBXFileReference section */

/* Begin PBXFrameworksBuildPhase section */
		6FFB9B1A2129802800D4E16C /* Frameworks */ = {
			isa = PBXFrameworksBuildPhase;
			buildActionMask = 2147483647;
			files = (
			);
			runOnlyForDeploymentPostprocessing = 0;
		};
		6FFB9B2E2129802C00D4E16C /* Frameworks */ = {
			isa = PBXFrameworksBuildPhase;
			buildActionMask = 2147483647;
			files = (
			);
			runOnlyForDeploymentPostprocessing = 0;
		};
		6FFB9B392129802C00D4E16C /* Frameworks */ = {
			isa = PBXFrameworksBuildPhase;
			buildActionMask = 2147483647;
			files = (
			);
			runOnlyForDeploymentPostprocessing = 0;
		};
/* End PBXFrameworksBuildPhase section */

/* Begin PBXGroup section */
		6FFB9B142129802700D4E16C = {
			isa = PBXGroup;
			children = (
				6FFB9B1F2129802800D4E16C /* SuperLoanProject */,
				6FFB9B342129802C00D4E16C /* SuperLoanProjectTests */,
				6FFB9B3F2129802C00D4E16C /* SuperLoanProjectUITests */,
				6FFB9B1E2129802800D4E16C /* Products */,
			);
			sourceTree = "<group>";
		};
		6FFB9B1E2129802800D4E16C /* Products */ = {
			isa = PBXGroup;
			children = (
				6FFB9B1D2129802800D4E16C /* SuperLoanProject.app */,
				6FFB9B312129802C00D4E16C /* SuperLoanProjectTests.xctest */,
				6FFB9B3C2129802C00D4E16C /* SuperLoanProjectUITests.xctest */,
			);
			name = Products;
			sourceTree = "<group>";
		};
		6FFB9B1F2129802800D4E16C /* SuperLoanProject */ = {
			isa = PBXGroup;
			children = (
				6FFB9B202129802800D4E16C /* AppDelegate.swift */,
				6FFB9B222129802800D4E16C /* ViewController.swift */,
				6FFB9B242129802800D4E16C /* Main.storyboard */,
				6FFB9B272129802C00D4E16C /* Assets.xcassets */,
				6FFB9B292129802C00D4E16C /* LaunchScreen.storyboard */,
				6FFB9B2C2129802C00D4E16C /* Info.plist */,
			);
			path = SuperLoanProject;
			sourceTree = "<group>";
		};
		6FFB9B342129802C00D4E16C /* SuperLoanProjectTests */ = {
			isa = PBXGroup;
			children = (
				6FFB9B352129802C00D4E16C /* SuperLoanProjectTests.swift */,
				6FFB9B372129802C00D4E16C /* Info.plist */,
			);
			path = SuperLoanProjectTests;
			sourceTree = "<group>";
		};
		6FFB9B3F2129802C00D4E16C /* SuperLoanProjectUITests */ = {
			isa = PBXGroup;
			children = (
				6FFB9B402129802C00D4E16C /* SuperLoanProjectUITests.swift */,
				6FFB9B422129802C00D4E16C /* Info.plist */,
			);
			path = SuperLoanProjectUITests;
			sourceTree = "<group>";
		};
/* End PBXGroup section */

/* Begin PBXNativeTarget section */
		6FFB9B1C2129802800D4E16C /* SuperLoanProject */ = {
			isa = PBXNativeTarget;
			buildConfigurationList = 6FFB9B452129802C00D4E16C /* Build configuration list for PBXNativeTarget "SuperLoanProject" */;
			buildPhases = (
				6FFB9B192129802800D4E16C /* Sources */,
				6FFB9B1A2129802800D4E16C /* Frameworks */,
				6FFB9B1B2129802800D4E16C /* Resources */,
			);
			buildRules = (
			);
			dependencies = (
			);
			name = SuperLoanProject;
			productName = SuperLoanProject;
			productReference = 6FFB9B1D2129802800D4E16C /* SuperLoanProject.app */;
			productType = "com.apple.product-type.application";
		};
		6FFB9B302129802C00D4E16C /* SuperLoanProjectTests */ = {
			isa = PBXNativeTarget;
			buildConfigurationList = 6FFB9B482129802C00D4E16C /* Build configuration list for PBXNativeTarget "SuperLoanProjectTests" */;
			buildPhases = (
				6FFB9B2D2129802C00D4E16C /* Sources */,
				6FFB9B2E2129802C00D4E16C /* Frameworks */,
				6FFB9B2F2129802C00D4E16C /* Resources */,
			);
			buildRules = (
			);
			dependencies = (
				6FFB9B332129802C00D4E16C /* PBXTargetDependency */,
			);
			name = SuperLoanProjectTests;
			productName = SuperLoanProjectTests;
			productReference = 6FFB9B312129802C00D4E16C /* SuperLoanProjectTests.xctest */;
			productType = "com.apple.product-type.bundle.unit-test";
		};
		6FFB9B3B2129802C00D4E16C /* SuperLoanProjectUITests */ = {
			isa = PBXNativeTarget;
			buildConfigurationList = 6FFB9B4B2129802C00D4E16C /* Build configuration list for PBXNativeTarget "SuperLoanProjectUITests" */;
			buildPhases = (
				6FFB9B382129802C00D4E16C /* Sources */,
				6FFB9B392129802C00D4E16C /* Frameworks */,
				6FFB9B3A2129802C00D4E16C /* Resources */,
			);
			buildRules = (
			);
			dependencies = (
				6FFB9B3E2129802C00D4E16C /* PBXTargetDependency */,
			);
			name = SuperLoanProjectUITests;
			productName = SuperLoanProjectUITests;
			productReference = 6FFB9B3C2129802C00D4E16C /* SuperLoanProjectUITests.xctest */;
			productType = "com.apple.product-type.bundle.ui-testing";
		};
/* End PBXNativeTarget section */

/* Begin PBXProject section */
		6FFB9B152129802700D4E16C /* Project object */ = {
			isa = PBXProject;
			attributes = {
				LastSwiftUpdateCheck = 0940;
				LastUpgradeCheck = 0940;
				ORGANIZATIONNAME = Young;
				TargetAttributes = {
					6FFB9B1C2129802800D4E16C = {
						CreatedOnToolsVersion = 9.4.1;
					};
					6FFB9B302129802C00D4E16C = {
						CreatedOnToolsVersion = 9.4.1;
						TestTargetID = 6FFB9B1C2129802800D4E16C;
					};
					6FFB9B3B2129802C00D4E16C = {
						CreatedOnToolsVersion = 9.4.1;
						TestTargetID = 6FFB9B1C2129802800D4E16C;
					};
				};
			};
			buildConfigurationList = 6FFB9B182129802700D4E16C /* Build configuration list for PBXProject "SuperLoanProject" */;
			compatibilityVersion = "Xcode 9.3";
			developmentRegion = en;
			hasScannedForEncodings = 0;
			knownRegions = (
				en,
				Base,
			);
			mainGroup = 6FFB9B142129802700D4E16C;
			productRefGroup = 6FFB9B1E2129802800D4E16C /* Products */;
			projectDirPath = "";
			projectRoot = "";
			targets = (
				6FFB9B1C2129802800D4E16C /* SuperLoanProject */,
				6FFB9B302129802C00D4E16C /* SuperLoanProjectTests */,
				6FFB9B3B2129802C00D4E16C /* SuperLoanProjectUITests */,
			);
		};
/* End PBXProject section */

/* Begin PBXResourcesBuildPhase section */
		6FFB9B1B2129802800D4E16C /* Resources */ = {
			isa = PBXResourcesBuildPhase;
			buildActionMask = 2147483647;
			files = (
				6FFB9B2B2129802C00D4E16C /* LaunchScreen.storyboard in Resources */,
				6FFB9B282129802C00D4E16C /* Assets.xcassets in Resources */,
				6FFB9B262129802800D4E16C /* Main.storyboard in Resources */,
			);
			runOnlyForDeploymentPostprocessing = 0;
		};
		6FFB9B2F2129802C00D4E16C /* Resources */ = {
			isa = PBXResourcesBuildPhase;
			buildActionMask = 2147483647;
			files = (
			);
			runOnlyForDeploymentPostprocessing = 0;
		};
		6FFB9B3A2129802C00D4E16C /* Resources */ = {
			isa = PBXResourcesBuildPhase;
			buildActionMask = 2147483647;
			files = (
			);
			runOnlyForDeploymentPostprocessing = 0;
		};
/* End PBXResourcesBuildPhase section */

/* Begin PBXSourcesBuildPhase section */
		6FFB9B192129802800D4E16C /* Sources */ = {
			isa = PBXSourcesBuildPhase;
			buildActionMask = 2147483647;
			files = (
				6FFB9B232129802800D4E16C /* ViewController.swift in Sources */,
				6FFB9B212129802800D4E16C /* AppDelegate.swift in Sources */,
			);
			runOnlyForDeploymentPostprocessing = 0;
		};
		6FFB9B2D2129802C00D4E16C /* Sources */ = {
			isa = PBXSourcesBuildPhase;
			buildActionMask = 2147483647;
			files = (
				6FFB9B362129802C00D4E16C /* SuperLoanProjectTests.swift in Sources */,
			);
			runOnlyForDeploymentPostprocessing = 0;
		};
		6FFB9B382129802C00D4E16C /* Sources */ = {
			isa = PBXSourcesBuildPhase;
			buildActionMask = 2147483647;
			files = (
				6FFB9B412129802C00D4E16C /* SuperLoanProjectUITests.swift in Sources */,
			);
			runOnlyForDeploymentPostprocessing = 0;
		};
/* End PBXSourcesBuildPhase section */

/* Begin PBXTargetDependency section */
		6FFB9B332129802C00D4E16C /* PBXTargetDependency */ = {
			isa = PBXTargetDependency;
			target = 6FFB9B1C2129802800D4E16C /* SuperLoanProject */;
			targetProxy = 6FFB9B322129802C00D4E16C /* PBXContainerItemProxy */;
		};
		6FFB9B3E2129802C00D4E16C /* PBXTargetDependency */ = {
			isa = PBXTargetDependency;
			target = 6FFB9B1C2129802800D4E16C /* SuperLoanProject */;
			targetProxy = 6FFB9B3D2129802C00D4E16C /* PBXContainerItemProxy */;
		};
/* End PBXTargetDependency section */

/* Begin PBXVariantGroup section */
		6FFB9B242129802800D4E16C /* Main.storyboard */ = {
			isa = PBXVariantGroup;
			children = (
				6FFB9B252129802800D4E16C /* Base */,
			);
			name = Main.storyboard;
			sourceTree = "<group>";
		};
		6FFB9B292129802C00D4E16C /* LaunchScreen.storyboard */ = {
			isa = PBXVariantGroup;
			children = (
				6FFB9B2A2129802C00D4E16C /* Base */,
			);
			name = LaunchScreen.storyboard;
			sourceTree = "<group>";
		};
/* End PBXVariantGroup section */

/* Begin XCBuildConfiguration section */
		6FFB9B432129802C00D4E16C /* Debug */ = {
			isa = XCBuildConfiguration;
			buildSettings = {
				ALWAYS_SEARCH_USER_PATHS = NO;
				CLANG_ANALYZER_NONNULL = YES;
				CLANG_ANALYZER_NUMBER_OBJECT_CONVERSION = YES_AGGRESSIVE;
				CLANG_CXX_LANGUAGE_STANDARD = "gnu++14";
				CLANG_CXX_LIBRARY = "libc++";
				CLANG_ENABLE_MODULES = YES;
				CLANG_ENABLE_OBJC_ARC = YES;
				CLANG_ENABLE_OBJC_WEAK = YES;
				CLANG_WARN_BLOCK_CAPTURE_AUTORELEASING = YES;
				CLANG_WARN_BOOL_CONVERSION = YES;
				CLANG_WARN_COMMA = YES;
				CLANG_WARN_CONSTANT_CONVERSION = YES;
				CLANG_WARN_DEPRECATED_OBJC_IMPLEMENTATIONS = YES;
				CLANG_WARN_DIRECT_OBJC_ISA_USAGE = YES_ERROR;
				CLANG_WARN_DOCUMENTATION_COMMENTS = YES;
				CLANG_WARN_EMPTY_BODY = YES;
				CLANG_WARN_ENUM_CONVERSION = YES;
				CLANG_WARN_INFINITE_RECURSION = YES;
				CLANG_WARN_INT_CONVERSION = YES;
				CLANG_WARN_NON_LITERAL_NULL_CONVERSION = YES;
				CLANG_WARN_OBJC_IMPLICIT_RETAIN_SELF = YES;
				CLANG_WARN_OBJC_LITERAL_CONVERSION = YES;
				CLANG_WARN_OBJC_ROOT_CLASS = YES_ERROR;
				CLANG_WARN_RANGE_LOOP_ANALYSIS = YES;
				CLANG_WARN_STRICT_PROTOTYPES = YES;
				CLANG_WARN_SUSPICIOUS_MOVE = YES;
				CLANG_WARN_UNGUARDED_AVAILABILITY = YES_AGGRESSIVE;
				CLANG_WARN_UNREACHABLE_CODE = YES;
				CLANG_WARN__DUPLICATE_METHOD_MATCH = YES;
				CODE_SIGN_IDENTITY = "iPhone Developer";
				COPY_PHASE_STRIP = NO;
				DEBUG_INFORMATION_FORMAT = dwarf;
				ENABLE_STRICT_OBJC_MSGSEND = YES;
				ENABLE_TESTABILITY = YES;
				GCC_C_LANGUAGE_STANDARD = gnu11;
				GCC_DYNAMIC_NO_PIC = NO;
				GCC_NO_COMMON_BLOCKS = YES;
				GCC_OPTIMIZATION_LEVEL = 0;
				GCC_PREPROCESSOR_DEFINITIONS = (
					"DEBUG=1",
					"$(inherited)",
				);
				GCC_WARN_64_TO_32_BIT_CONVERSION = YES;
				GCC_WARN_ABOUT_RETURN_TYPE = YES_ERROR;
				GCC_WARN_UNDECLARED_SELECTOR = YES;
				GCC_WARN_UNINITIALIZED_AUTOS = YES_AGGRESSIVE;
				GCC_WARN_UNUSED_FUNCTION = YES;
				GCC_WARN_UNUSED_VARIABLE = YES;
				IPHONEOS_DEPLOYMENT_TARGET = 11.4;
				MTL_ENABLE_DEBUG_INFO = YES;
				ONLY_ACTIVE_ARCH = YES;
				SDKROOT = iphoneos;
				SWIFT_ACTIVE_COMPILATION_CONDITIONS = DEBUG;
				SWIFT_OPTIMIZATION_LEVEL = "-Onone";
			};
			name = Debug;
		};
		6FFB9B442129802C00D4E16C /* Release */ = {
			isa = XCBuildConfiguration;
			buildSettings = {
				ALWAYS_SEARCH_USER_PATHS = NO;
				CLANG_ANALYZER_NONNULL = YES;
				CLANG_ANALYZER_NUMBER_OBJECT_CONVERSION = YES_AGGRESSIVE;
				CLANG_CXX_LANGUAGE_STANDARD = "gnu++14";
				CLANG_CXX_LIBRARY = "libc++";
				CLANG_ENABLE_MODULES = YES;
				CLANG_ENABLE_OBJC_ARC = YES;
				CLANG_ENABLE_OBJC_WEAK = YES;
				CLANG_WARN_BLOCK_CAPTURE_AUTORELEASING = YES;
				CLANG_WARN_BOOL_CONVERSION = YES;
				CLANG_WARN_COMMA = YES;
				CLANG_WARN_CONSTANT_CONVERSION = YES;
				CLANG_WARN_DEPRECATED_OBJC_IMPLEMENTATIONS = YES;
				CLANG_WARN_DIRECT_OBJC_ISA_USAGE = YES_ERROR;
				CLANG_WARN_DOCUMENTATION_COMMENTS = YES;
				CLANG_WARN_EMPTY_BODY = YES;
				CLANG_WARN_ENUM_CONVERSION = YES;
				CLANG_WARN_INFINITE_RECURSION = YES;
				CLANG_WARN_INT_CONVERSION = YES;
				CLANG_WARN_NON_LITERAL_NULL_CONVERSION = YES;
				CLANG_WARN_OBJC_IMPLICIT_RETAIN_SELF = YES;
				CLANG_WARN_OBJC_LITERAL_CONVERSION = YES;
				CLANG_WARN_OBJC_ROOT_CLASS = YES_ERROR;
				CLANG_WARN_RANGE_LOOP_ANALYSIS = YES;
				CLANG_WARN_STRICT_PROTOTYPES = YES;
				CLANG_WARN_SUSPICIOUS_MOVE = YES;
				CLANG_WARN_UNGUARDED_AVAILABILITY = YES_AGGRESSIVE;
				CLANG_WARN_UNREACHABLE_CODE = YES;
				CLANG_WARN__DUPLICATE_METHOD_MATCH = YES;
				CODE_SIGN_IDENTITY = "iPhone Developer";
				COPY_PHASE_STRIP = NO;
				DEBUG_INFORMATION_FORMAT = "dwarf-with-dsym";
				ENABLE_NS_ASSERTIONS = NO;
				ENABLE_STRICT_OBJC_MSGSEND = YES;
				GCC_C_LANGUAGE_STANDARD = gnu11;
				GCC_NO_COMMON_BLOCKS = YES;
				GCC_WARN_64_TO_32_BIT_CONVERSION = YES;
				GCC_WARN_ABOUT_RETURN_TYPE = YES_ERROR;
				GCC_WARN_UNDECLARED_SELECTOR = YES;
				GCC_WARN_UNINITIALIZED_AUTOS = YES_AGGRESSIVE;
				GCC_WARN_UNUSED_FUNCTION = YES;
				GCC_WARN_UNUSED_VARIABLE = YES;
				IPHONEOS_DEPLOYMENT_TARGET = 11.4;
				MTL_ENABLE_DEBUG_INFO = NO;
				SDKROOT = iphoneos;
				SWIFT_COMPILATION_MODE = wholemodule;
				SWIFT_OPTIMIZATION_LEVEL = "-O";
				VALIDATE_PRODUCT = YES;
			};
			name = Release;
		};
		6FFB9B462129802C00D4E16C /* Debug */ = {
			isa = XCBuildConfiguration;
			buildSettings = {
				ASSETCATALOG_COMPILER_APPICON_NAME = AppIcon;
				CODE_SIGN_STYLE = Automatic;
				INFOPLIST_FILE = SuperLoanProject/Info.plist;
				LD_RUNPATH_SEARCH_PATHS = (
					"$(inherited)",
					"@executable_path/Frameworks",
				);
				PRODUCT_BUNDLE_IDENTIFIER = com.superLoan.personalLoan.SuperLoanProject;
				PRODUCT_NAME = "$(TARGET_NAME)";
				SWIFT_VERSION = 4.0;
				TARGETED_DEVICE_FAMILY = "1,2";
			};
			name = Debug;
		};
		6FFB9B472129802C00D4E16C /* Release */ = {
			isa = XCBuildConfiguration;
			buildSettings = {
				ASSETCATALOG_COMPILER_APPICON_NAME = AppIcon;
				CODE_SIGN_STYLE = Automatic;
				INFOPLIST_FILE = SuperLoanProject/Info.plist;
				LD_RUNPATH_SEARCH_PATHS = (
					"$(inherited)",
					"@executable_path/Frameworks",
				);
				PRODUCT_BUNDLE_IDENTIFIER = com.superLoan.personalLoan.SuperLoanProject;
				PRODUCT_NAME = "$(TARGET_NAME)";
				SWIFT_VERSION = 4.0;
				TARGETED_DEVICE_FAMILY = "1,2";
			};
			name = Release;
		};
		6FFB9B492129802C00D4E16C /* Debug */ = {
			isa = XCBuildConfiguration;
			buildSettings = {
				ALWAYS_EMBED_SWIFT_STANDARD_LIBRARIES = YES;
				BUNDLE_LOADER = "$(TEST_HOST)";
				CODE_SIGN_STYLE = Automatic;
				INFOPLIST_FILE = SuperLoanProjectTests/Info.plist;
				LD_RUNPATH_SEARCH_PATHS = (
					"$(inherited)",
					"@executable_path/Frameworks",
					"@loader_path/Frameworks",
				);
				PRODUCT_BUNDLE_IDENTIFIER = com.superLoan.personalLoan.SuperLoanProjectTests;
				PRODUCT_NAME = "$(TARGET_NAME)";
				SWIFT_VERSION = 4.0;
				TARGETED_DEVICE_FAMILY = "1,2";
				TEST_HOST = "$(BUILT_PRODUCTS_DIR)/SuperLoanProject.app/SuperLoanProject";
			};
			name = Debug;
		};
		6FFB9B4A2129802C00D4E16C /* Release */ = {
			isa = XCBuildConfiguration;
			buildSettings = {
				ALWAYS_EMBED_SWIFT_STANDARD_LIBRARIES = YES;
				BUNDLE_LOADER = "$(TEST_HOST)";
				CODE_SIGN_STYLE = Automatic;
				INFOPLIST_FILE = SuperLoanProjectTests/Info.plist;
				LD_RUNPATH_SEARCH_PATHS = (
					"$(inherited)",
					"@executable_path/Frameworks",
					"@loader_path/Frameworks",
				);
				PRODUCT_BUNDLE_IDENTIFIER = com.superLoan.personalLoan.SuperLoanProjectTests;
				PRODUCT_NAME = "$(TARGET_NAME)";
				SWIFT_VERSION = 4.0;
				TARGETED_DEVICE_FAMILY = "1,2";
				TEST_HOST = "$(BUILT_PRODUCTS_DIR)/SuperLoanProject.app/SuperLoanProject";
			};
			name = Release;
		};
		6FFB9B4C2129802C00D4E16C /* Debug */ = {
			isa = XCBuildConfiguration;
			buildSettings = {
				ALWAYS_EMBED_SWIFT_STANDARD_LIBRARIES = YES;
				CODE_SIGN_STYLE = Automatic;
				INFOPLIST_FILE = SuperLoanProjectUITests/Info.plist;
				LD_RUNPATH_SEARCH_PATHS = (
					"$(inherited)",
					"@executable_path/Frameworks",
					"@loader_path/Frameworks",
				);
				PRODUCT_BUNDLE_IDENTIFIER = com.superLoan.personalLoan.SuperLoanProjectUITests;
				PRODUCT_NAME = "$(TARGET_NAME)";
				SWIFT_VERSION = 4.0;
				TARGETED_DEVICE_FAMILY = "1,2";
				TEST_TARGET_NAME = SuperLoanProject;
			};
			name = Debug;
		};
		6FFB9B4D2129802C00D4E16C /* Release */ = {
			isa = XCBuildConfiguration;
			buildSettings = {
				ALWAYS_EMBED_SWIFT_STANDARD_LIBRARIES = YES;
				CODE_SIGN_STYLE = Automatic;
				INFOPLIST_FILE = SuperLoanProjectUITests/Info.plist;
				LD_RUNPATH_SEARCH_PATHS = (
					"$(inherited)",
					"@executable_path/Frameworks",
					"@loader_path/Frameworks",
				);
				PRODUCT_BUNDLE_IDENTIFIER = com.superLoan.personalLoan.SuperLoanProjectUITests;
				PRODUCT_NAME = "$(TARGET_NAME)";
				SWIFT_VERSION = 4.0;
				TARGETED_DEVICE_FAMILY = "1,2";
				TEST_TARGET_NAME = SuperLoanProject;
			};
			name = Release;
		};
/* End XCBuildConfiguration section */

/* Begin XCConfigurationList section */
		6FFB9B182129802700D4E16C /* Build configuration list for PBXProject "SuperLoanProject" */ = {
			isa = XCConfigurationList;
			buildConfigurations = (
				6FFB9B432129802C00D4E16C /* Debug */,
				6FFB9B442129802C00D4E16C /* Release */,
			);
			defaultConfigurationIsVisible = 0;
			defaultConfigurationName = Release;
		};
		6FFB9B452129802C00D4E16C /* Build configuration list for PBXNativeTarget "SuperLoanProject" */ = {
			isa = XCConfigurationList;
			buildConfigurations = (
				6FFB9B462129802C00D4E16C /* Debug */,
				6FFB9B472129802C00D4E16C /* Release */,
			);
			defaultConfigurationIsVisible = 0;
			defaultConfigurationName = Release;
		};
		6FFB9B482129802C00D4E16C /* Build configuration list for PBXNativeTarget "SuperLoanProjectTests" */ = {
			isa = XCConfigurationList;
			buildConfigurations = (
				6FFB9B492129802C00D4E16C /* Debug */,
				6FFB9B4A2129802C00D4E16C /* Release */,
			);
			defaultConfigurationIsVisible = 0;
			defaultConfigurationName = Release;
		};
		6FFB9B4B2129802C00D4E16C /* Build configuration list for PBXNativeTarget "SuperLoanProjectUITests" */ = {
			isa = XCConfigurationList;
			buildConfigurations = (
				6FFB9B4C2129802C00D4E16C /* Debug */,
				6FFB9B4D2129802C00D4E16C /* Release */,
			);
			defaultConfigurationIsVisible = 0;
			defaultConfigurationName = Release;
		};
/* End XCConfigurationList section */
	};
	rootObject = 6FFB9B152129802700D4E16C /* Project object */;
}
